
Microsoft Visual Studio Solution File, Format Version 12.00
# Visual Studio Version 17
VisualStudioVersion = 17.3.32929.385
MinimumVisualStudioVersion = 10.0.40219.1
Project("{FAE04EC0-301F-11D3-BF4B-00C04F79EFBC}") = "Laborator_PP_Petru", "Laborator_PP_Petru\Laborator_PP_Petru.csproj", "{13435FE3-0F04-450F-BC46-CBEC18DC392E}"
EndProject
Global
	GlobalSection(SolutionConfigurationPlatforms) = preSolution
		Debug|Any CPU = Debug|Any CPU
		Release|Any CPU = Release|Any CPU
	EndGlobalSection
	GlobalSection(ProjectConfigurationPlatforms) = postSolution
		{13435FE3-0F04-450F-BC46-CBEC18DC392E}.Debug|Any CPU.ActiveCfg = Debug|Any CPU
		{13435FE3-0F04-450F-BC46-CBEC18DC392E}.Debug|Any CPU.Build.0 = Debug|Any CPU
		{13435FE3-0F04-450F-BC46-CBEC18DC392E}.Release|Any CPU.ActiveCfg = Release|Any CPU
		{13435FE3-0F04-450F-BC46-CBEC18DC392E}.Release|Any CPU.Build.0 = Release|Any CPU
	EndGlobalSection
	GlobalSection(SolutionProperties) = preSolution
		HideSolutionNode = FALSE
	EndGlobalSection
	GlobalSection(ExtensibilityGlobals) = postSolution
		SolutionGuid = {4BAD8014-E783-46E5-B969-4BC5E2707C0B}
	EndGlobalSection
EndGlobal
